// !$*UTF8*$!
{
	archiveVersion = 1;
	classes = {
	};
	objectVersion = 46;
	objects = {

/* Begin PBXBuildFile section */
		59139AA85608382F819A0063 /* libPods-Harmonize Helper.a in Frameworks */ = {isa = PBXBuildFile; fileRef = ECB944EC2D065F1B7F9B9E1A /* libPods-Harmonize Helper.a */; };
		C29D1EBF1B7363D8000F5A97 /* HHColors.m in Sources */ = {isa = PBXBuildFile; fileRef = C29D1EBE1B7363D8000F5A97 /* HHColors.m */; };
		C2A7DB021B749C1000B7AE69 /* 39148__jobro__piano-ff-001.wav in Resources */ = {isa = PBXBuildFile; fileRef = C2A7DAC21B749C1000B7AE69 /* 39148__jobro__piano-ff-001.wav */; };
		C2A7DB031B749C1000B7AE69 /* 39149__jobro__piano-ff-002.wav in Resources */ = {isa = PBXBuildFile; fileRef = C2A7DAC31B749C1000B7AE69 /* 39149__jobro__piano-ff-002.wav */; };
		C2A7DB041B749C1000B7AE69 /* 39150__jobro__piano-ff-003.wav in Resources */ = {isa = PBXBuildFile; fileRef = C2A7DAC41B749C1000B7AE69 /* 39150__jobro__piano-ff-003.wav */; };
		C2A7DB051B749C1000B7AE69 /* 39151__jobro__piano-ff-004.wav in Resources */ = {isa = PBXBuildFile; fileRef = C2A7DAC51B749C1000B7AE69 /* 39151__jobro__piano-ff-004.wav */; };
		C2A7DB061B749C1000B7AE69 /* 39152__jobro__piano-ff-005.wav in Resources */ = {isa = PBXBuildFile; fileRef = C2A7DAC61B749C1000B7AE69 /* 39152__jobro__piano-ff-005.wav */; };
		C2A7DB071B749C1000B7AE69 /* 39153__jobro__piano-ff-006.wav in Resources */ = {isa = PBXBuildFile; fileRef = C2A7DAC71B749C1000B7AE69 /* 39153__jobro__piano-ff-006.wav */; };
		C2A7DB081B749C1000B7AE69 /* 39154__jobro__piano-ff-007.wav in Resources */ = {isa = PBXBuildFile; fileRef = C2A7DAC81B749C1000B7AE69 /* 39154__jobro__piano-ff-007.wav */; };
		C2A7DB091B749C1000B7AE69 /* 39155__jobro__piano-ff-008.wav in Resources */ = {isa = PBXBuildFile; fileRef = C2A7DAC91B749C1000B7AE69 /* 39155__jobro__piano-ff-008.wav */; };
		C2A7DB0A1B749C1000B7AE69 /* 39156__jobro__piano-ff-009.wav in Resources */ = {isa = PBXBuildFile; fileRef = C2A7DACA1B749C1000B7AE69 /* 39156__jobro__piano-ff-009.wav */; };
		C2A7DB0B1B749C1000B7AE69 /* 39157__jobro__piano-ff-010.wav in Resources */ = {isa = PBXBuildFile; fileRef = C2A7DACB1B749C1000B7AE69 /* 39157__jobro__piano-ff-010.wav */; };
		C2A7DB0C1B749C1000B7AE69 /* 39158__jobro__piano-ff-011.wav in Resources */ = {isa = PBXBuildFile; fileRef = C2A7DACC1B749C1000B7AE69 /* 39158__jobro__piano-ff-011.wav */; };
		C2A7DB0D1B749C1000B7AE69 /* 39159__jobro__piano-ff-012.wav in Resources */ = {isa = PBXBuildFile; fileRef = C2A7DACD1B749C1000B7AE69 /* 39159__jobro__piano-ff-012.wav */; };
		C2A7DB0E1B749C1000B7AE69 /* 39160__jobro__piano-ff-013.wav in Resources */ = {isa = PBXBuildFile; fileRef = C2A7DACE1B749C1000B7AE69 /* 39160__jobro__piano-ff-013.wav */; };
		C2A7DB0F1B749C1000B7AE69 /* 39161__jobro__piano-ff-014.wav in Resources */ = {isa = PBXBuildFile; fileRef = C2A7DACF1B749C1000B7AE69 /* 39161__jobro__piano-ff-014.wav */; };
		C2A7DB101B749C1000B7AE69 /* 39162__jobro__piano-ff-015.wav in Resources */ = {isa = PBXBuildFile; fileRef = C2A7DAD01B749C1000B7AE69 /* 39162__jobro__piano-ff-015.wav */; };
		C2A7DB111B749C1000B7AE69 /* 39163__jobro__piano-ff-016.wav in Resources */ = {isa = PBXBuildFile; fileRef = C2A7DAD11B749C1000B7AE69 /* 39163__jobro__piano-ff-016.wav */; };
		C2A7DB121B749C1000B7AE69 /* 39164__jobro__piano-ff-017.wav in Resources */ = {isa = PBXBuildFile; fileRef = C2A7DAD21B749C1000B7AE69 /* 39164__jobro__piano-ff-017.wav */; };
		C2A7DB131B749C1000B7AE69 /* 39165__jobro__piano-ff-018.wav in Resources */ = {isa = PBXBuildFile; fileRef = C2A7DAD31B749C1000B7AE69 /* 39165__jobro__piano-ff-018.wav */; };
		C2A7DB141B749C1000B7AE69 /* 39166__jobro__piano-ff-019.wav in Resources */ = {isa = PBXBuildFile; fileRef = C2A7DAD41B749C1000B7AE69 /* 39166__jobro__piano-ff-019.wav */; };
		C2A7DB151B749C1000B7AE69 /* 39167__jobro__piano-ff-020.wav in Resources */ = {isa = PBXBuildFile; fileRef = C2A7DAD51B749C1000B7AE69 /* 39167__jobro__piano-ff-020.wav */; };
		C2A7DB161B749C1000B7AE69 /* 39168__jobro__piano-ff-021.wav in Resources */ = {isa = PBXBuildFile; fileRef = C2A7DAD61B749C1000B7AE69 /* 39168__jobro__piano-ff-021.wav */; };
		C2A7DB171B749C1000B7AE69 /* 39169__jobro__piano-ff-022.wav in Resources */ = {isa = PBXBuildFile; fileRef = C2A7DAD71B749C1000B7AE69 /* 39169__jobro__piano-ff-022.wav */; };
		C2A7DB181B749C1000B7AE69 /* 39170__jobro__piano-ff-023.wav in Resources */ = {isa = PBXBuildFile; fileRef = C2A7DAD81B749C1000B7AE69 /* 39170__jobro__piano-ff-023.wav */; };
		C2A7DB191B749C1000B7AE69 /* 39171__jobro__piano-ff-024.wav in Resources */ = {isa = PBXBuildFile; fileRef = C2A7DAD91B749C1000B7AE69 /* 39171__jobro__piano-ff-024.wav */; };
		C2A7DB1A1B749C1000B7AE69 /* 39172__jobro__piano-ff-025.wav in Resources */ = {isa = PBXBuildFile; fileRef = C2A7DADA1B749C1000B7AE69 /* 39172__jobro__piano-ff-025.wav */; };
		C2A7DB1B1B749C1000B7AE69 /* 39173__jobro__piano-ff-026.wav in Resources */ = {isa = PBXBuildFile; fileRef = C2A7DADB1B749C1000B7AE69 /* 39173__jobro__piano-ff-026.wav */; };
		C2A7DB1C1B749C1000B7AE69 /* 39174__jobro__piano-ff-027.wav in Resources */ = {isa = PBXBuildFile; fileRef = C2A7DADC1B749C1000B7AE69 /* 39174__jobro__piano-ff-027.wav */; };
		C2A7DB1D1B749C1000B7AE69 /* 39175__jobro__piano-ff-028.wav in Resources */ = {isa = PBXBuildFile; fileRef = C2A7DADD1B749C1000B7AE69 /* 39175__jobro__piano-ff-028.wav */; };
		C2A7DB1E1B749C1000B7AE69 /* 39176__jobro__piano-ff-029.wav in Resources */ = {isa = PBXBuildFile; fileRef = C2A7DADE1B749C1000B7AE69 /* 39176__jobro__piano-ff-029.wav */; };
		C2A7DB1F1B749C1000B7AE69 /* 39177__jobro__piano-ff-030.wav in Resources */ = {isa = PBXBuildFile; fileRef = C2A7DADF1B749C1000B7AE69 /* 39177__jobro__piano-ff-030.wav */; };
		C2A7DB201B749C1000B7AE69 /* 39178__jobro__piano-ff-031.wav in Resources */ = {isa = PBXBuildFile; fileRef = C2A7DAE01B749C1000B7AE69 /* 39178__jobro__piano-ff-031.wav */; };
		C2A7DB211B749C1000B7AE69 /* 39179__jobro__piano-ff-032.wav in Resources */ = {isa = PBXBuildFile; fileRef = C2A7DAE11B749C1000B7AE69 /* 39179__jobro__piano-ff-032.wav */; };
		C2A7DB221B749C1000B7AE69 /* 39180__jobro__piano-ff-033.wav in Resources */ = {isa = PBXBuildFile; fileRef = C2A7DAE21B749C1000B7AE69 /* 39180__jobro__piano-ff-033.wav */; };
		C2A7DB231B749C1000B7AE69 /* 39181__jobro__piano-ff-034.wav in Resources */ = {isa = PBXBuildFile; fileRef = C2A7DAE31B749C1000B7AE69 /* 39181__jobro__piano-ff-034.wav */; };
		C2A7DB241B749C1000B7AE69 /* 39182__jobro__piano-ff-035.wav in Resources */ = {isa = PBXBuildFile; fileRef = C2A7DAE41B749C1000B7AE69 /* 39182__jobro__piano-ff-035.wav */; };
		C2A7DB251B749C1000B7AE69 /* 39183__jobro__piano-ff-036.wav in Resources */ = {isa = PBXBuildFile; fileRef = C2A7DAE51B749C1000B7AE69 /* 39183__jobro__piano-ff-036.wav */; };
		C2A7DB261B749C1000B7AE69 /* 39184__jobro__piano-ff-037.wav in Resources */ = {isa = PBXBuildFile; fileRef = C2A7DAE61B749C1000B7AE69 /* 39184__jobro__piano-ff-037.wav */; };
		C2A7DB271B749C1000B7AE69 /* 39185__jobro__piano-ff-038.wav in Resources */ = {isa = PBXBuildFile; fileRef = C2A7DAE71B749C1000B7AE69 /* 39185__jobro__piano-ff-038.wav */; };
		C2A7DB281B749C1000B7AE69 /* 39186__jobro__piano-ff-039.wav in Resources */ = {isa = PBXBuildFile; fileRef = C2A7DAE81B749C1000B7AE69 /* 39186__jobro__piano-ff-039.wav */; };
		C2A7DB291B749C1000B7AE69 /* 39187__jobro__piano-ff-040.wav in Resources */ = {isa = PBXBuildFile; fileRef = C2A7DAE91B749C1000B7AE69 /* 39187__jobro__piano-ff-040.wav */; };
		C2A7DB2A1B749C1000B7AE69 /* 39188__jobro__piano-ff-041.wav in Resources */ = {isa = PBXBuildFile; fileRef = C2A7DAEA1B749C1000B7AE69 /* 39188__jobro__piano-ff-041.wav */; };
		C2A7DB2B1B749C1000B7AE69 /* 39189__jobro__piano-ff-042.wav in Resources */ = {isa = PBXBuildFile; fileRef = C2A7DAEB1B749C1000B7AE69 /* 39189__jobro__piano-ff-042.wav */; };
		C2A7DB2C1B749C1000B7AE69 /* 39190__jobro__piano-ff-043.wav in Resources */ = {isa = PBXBuildFile; fileRef = C2A7DAEC1B749C1000B7AE69 /* 39190__jobro__piano-ff-043.wav */; };
		C2A7DB2D1B749C1000B7AE69 /* 39191__jobro__piano-ff-044.wav in Resources */ = {isa = PBXBuildFile; fileRef = C2A7DAED1B749C1000B7AE69 /* 39191__jobro__piano-ff-044.wav */; };
		C2A7DB2E1B749C1000B7AE69 /* 39193__jobro__piano-ff-045.wav in Resources */ = {isa = PBXBuildFile; fileRef = C2A7DAEE1B749C1000B7AE69 /* 39193__jobro__piano-ff-045.wav */; };
		C2A7DB2F1B749C1000B7AE69 /* 39194__jobro__piano-ff-046.wav in Resources */ = {isa = PBXBuildFile; fileRef = C2A7DAEF1B749C1000B7AE69 /* 39194__jobro__piano-ff-046.wav */; };
		C2A7DB301B749C1000B7AE69 /* 39195__jobro__piano-ff-047.wav in Resources */ = {isa = PBXBuildFile; fileRef = C2A7DAF01B749C1000B7AE69 /* 39195__jobro__piano-ff-047.wav */; };
		C2A7DB311B749C1000B7AE69 /* 39196__jobro__piano-ff-048.wav in Resources */ = {isa = PBXBuildFile; fileRef = C2A7DAF11B749C1000B7AE69 /* 39196__jobro__piano-ff-048.wav */; };
		C2A7DB321B749C1000B7AE69 /* 39197__jobro__piano-ff-049.wav in Resources */ = {isa = PBXBuildFile; fileRef = C2A7DAF21B749C1000B7AE69 /* 39197__jobro__piano-ff-049.wav */; };
		C2A7DB331B749C1000B7AE69 /* 39198__jobro__piano-ff-050.wav in Resources */ = {isa = PBXBuildFile; fileRef = C2A7DAF31B749C1000B7AE69 /* 39198__jobro__piano-ff-050.wav */; };
		C2A7DB341B749C1000B7AE69 /* 39199__jobro__piano-ff-051.wav in Resources */ = {isa = PBXBuildFile; fileRef = C2A7DAF41B749C1000B7AE69 /* 39199__jobro__piano-ff-051.wav */; };
		C2A7DB351B749C1000B7AE69 /* 39200__jobro__piano-ff-052.wav in Resources */ = {isa = PBXBuildFile; fileRef = C2A7DAF51B749C1000B7AE69 /* 39200__jobro__piano-ff-052.wav */; };
		C2A7DB361B749C1000B7AE69 /* 39201__jobro__piano-ff-053.wav in Resources */ = {isa = PBXBuildFile; fileRef = C2A7DAF61B749C1000B7AE69 /* 39201__jobro__piano-ff-053.wav */; };
		C2A7DB371B749C1000B7AE69 /* 39202__jobro__piano-ff-054.wav in Resources */ = {isa = PBXBuildFile; fileRef = C2A7DAF71B749C1000B7AE69 /* 39202__jobro__piano-ff-054.wav */; };
		C2A7DB381B749C1000B7AE69 /* 39203__jobro__piano-ff-055.wav in Resources */ = {isa = PBXBuildFile; fileRef = C2A7DAF81B749C1000B7AE69 /* 39203__jobro__piano-ff-055.wav */; };
		C2A7DB391B749C1000B7AE69 /* 39204__jobro__piano-ff-056.wav in Resources */ = {isa = PBXBuildFile; fileRef = C2A7DAF91B749C1000B7AE69 /* 39204__jobro__piano-ff-056.wav */; };
		C2A7DB3A1B749C1000B7AE69 /* 39205__jobro__piano-ff-057.wav in Resources */ = {isa = PBXBuildFile; fileRef = C2A7DAFA1B749C1000B7AE69 /* 39205__jobro__piano-ff-057.wav */; };
		C2A7DB3B1B749C1000B7AE69 /* 39206__jobro__piano-ff-058.wav in Resources */ = {isa = PBXBuildFile; fileRef = C2A7DAFB1B749C1000B7AE69 /* 39206__jobro__piano-ff-058.wav */; };
		C2A7DB3C1B749C1000B7AE69 /* 39207__jobro__piano-ff-059.wav in Resources */ = {isa = PBXBuildFile; fileRef = C2A7DAFC1B749C1000B7AE69 /* 39207__jobro__piano-ff-059.wav */; };
		C2A7DB3D1B749C1000B7AE69 /* 39208__jobro__piano-ff-060.wav in Resources */ = {isa = PBXBuildFile; fileRef = C2A7DAFD1B749C1000B7AE69 /* 39208__jobro__piano-ff-060.wav */; };
		C2A7DB3E1B749C1000B7AE69 /* 39209__jobro__piano-ff-061.wav in Resources */ = {isa = PBXBuildFile; fileRef = C2A7DAFE1B749C1000B7AE69 /* 39209__jobro__piano-ff-061.wav */; };
		C2A7DB3F1B749C1000B7AE69 /* 39210__jobro__piano-ff-062.wav in Resources */ = {isa = PBXBuildFile; fileRef = C2A7DAFF1B749C1000B7AE69 /* 39210__jobro__piano-ff-062.wav */; };
		C2A7DB401B749C1000B7AE69 /* 39211__jobro__piano-ff-063.wav in Resources */ = {isa = PBXBuildFile; fileRef = C2A7DB001B749C1000B7AE69 /* 39211__jobro__piano-ff-063.wav */; };
		C2A7DB411B749C1000B7AE69 /* 39212__jobro__piano-ff-064.wav in Resources */ = {isa = PBXBuildFile; fileRef = C2A7DB011B749C1000B7AE69 /* 39212__jobro__piano-ff-064.wav */; };
		C2F7DCE31B734D4700B06F40 /* main.m in Sources */ = {isa = PBXBuildFile; fileRef = C2F7DCE21B734D4700B06F40 /* main.m */; };
		C2F7DCE61B734D4700B06F40 /* AppDelegate.m in Sources */ = {isa = PBXBuildFile; fileRef = C2F7DCE51B734D4700B06F40 /* AppDelegate.m */; };
		C2F7DCE91B734D4700B06F40 /* Harmonize_Helper.xcdatamodeld in Sources */ = {isa = PBXBuildFile; fileRef = C2F7DCE71B734D4700B06F40 /* Harmonize_Helper.xcdatamodeld */; };
		C2F7DCEC1B734D4700B06F40 /* ViewController.m in Sources */ = {isa = PBXBuildFile; fileRef = C2F7DCEB1B734D4700B06F40 /* ViewController.m */; };
		C2F7DCEF1B734D4700B06F40 /* Main.storyboard in Resources */ = {isa = PBXBuildFile; fileRef = C2F7DCED1B734D4700B06F40 /* Main.storyboard */; };
		C2F7DCF11B734D4700B06F40 /* Images.xcassets in Resources */ = {isa = PBXBuildFile; fileRef = C2F7DCF01B734D4700B06F40 /* Images.xcassets */; };
		C2F7DCF41B734D4700B06F40 /* LaunchScreen.xib in Resources */ = {isa = PBXBuildFile; fileRef = C2F7DCF21B734D4700B06F40 /* LaunchScreen.xib */; };
		C2F7DD001B734D4700B06F40 /* Harmonize_HelperTests.m in Sources */ = {isa = PBXBuildFile; fileRef = C2F7DCFF1B734D4700B06F40 /* Harmonize_HelperTests.m */; };
		C2F7DD131B734F0A00B06F40 /* HHUtils.m in Sources */ = {isa = PBXBuildFile; fileRef = C2F7DD121B734F0A00B06F40 /* HHUtils.m */; };
		C2F7DD161B734FC400B06F40 /* HHKeyboard.m in Sources */ = {isa = PBXBuildFile; fileRef = C2F7DD151B734FC400B06F40 /* HHKeyboard.m */; };
		C2F7DD191B73523400B06F40 /* HHPianoView.m in Sources */ = {isa = PBXBuildFile; fileRef = C2F7DD181B73523400B06F40 /* HHPianoView.m */; };
/* End PBXBuildFile section */

/* Begin PBXContainerItemProxy section */
		C2F7DCFA1B734D4700B06F40 /* PBXContainerItemProxy */ = {
			isa = PBXContainerItemProxy;
			containerPortal = C2F7DCD51B734D4700B06F40 /* Project object */;
			proxyType = 1;
			remoteGlobalIDString = C2F7DCDC1B734D4700B06F40;
			remoteInfo = "Harmonize Helper";
		};
/* End PBXContainerItemProxy section */

/* Begin PBXFileReference section */
		1F5154B46D5C469688697FE5 /* Pods-Harmonize Helper.release.xcconfig */ = {isa = PBXFileReference; includeInIndex = 1; lastKnownFileType = text.xcconfig; name = "Pods-Harmonize Helper.release.xcconfig"; path = "Pods/Target Support Files/Pods-Harmonize Helper/Pods-Harmonize Helper.release.xcconfig"; sourceTree = "<group>"; };
		91283821BAA537C94DBAE2E9 /* Pods-Harmonize Helper.debug.xcconfig */ = {isa = PBXFileReference; includeInIndex = 1; lastKnownFileType = text.xcconfig; name = "Pods-Harmonize Helper.debug.xcconfig"; path = "Pods/Target Support Files/Pods-Harmonize Helper/Pods-Harmonize Helper.debug.xcconfig"; sourceTree = "<group>"; };
		C29D1EBD1B7363D8000F5A97 /* HHColors.h */ = {isa = PBXFileReference; fileEncoding = 4; lastKnownFileType = sourcecode.c.h; path = HHColors.h; sourceTree = "<group>"; };
		C29D1EBE1B7363D8000F5A97 /* HHColors.m */ = {isa = PBXFileReference; fileEncoding = 4; lastKnownFileType = sourcecode.c.objc; path = HHColors.m; sourceTree = "<group>"; };
		C2A7DAC21B749C1000B7AE69 /* 39148__jobro__piano-ff-001.wav */ = {isa = PBXFileReference; lastKnownFileType = audio.wav; path = "39148__jobro__piano-ff-001.wav"; sourceTree = "<group>"; };
		C2A7DAC31B749C1000B7AE69 /* 39149__jobro__piano-ff-002.wav */ = {isa = PBXFileReference; lastKnownFileType = audio.wav; path = "39149__jobro__piano-ff-002.wav"; sourceTree = "<group>"; };
		C2A7DAC41B749C1000B7AE69 /* 39150__jobro__piano-ff-003.wav */ = {isa = PBXFileReference; lastKnownFileType = audio.wav; path = "39150__jobro__piano-ff-003.wav"; sourceTree = "<group>"; };
		C2A7DAC51B749C1000B7AE69 /* 39151__jobro__piano-ff-004.wav */ = {isa = PBXFileReference; lastKnownFileType = audio.wav; path = "39151__jobro__piano-ff-004.wav"; sourceTree = "<group>"; };
		C2A7DAC61B749C1000B7AE69 /* 39152__jobro__piano-ff-005.wav */ = {isa = PBXFileReference; lastKnownFileType = audio.wav; path = "39152__jobro__piano-ff-005.wav"; sourceTree = "<group>"; };
		C2A7DAC71B749C1000B7AE69 /* 39153__jobro__piano-ff-006.wav */ = {isa = PBXFileReference; lastKnownFileType = audio.wav; path = "39153__jobro__piano-ff-006.wav"; sourceTree = "<group>"; };
		C2A7DAC81B749C1000B7AE69 /* 39154__jobro__piano-ff-007.wav */ = {isa = PBXFileReference; lastKnownFileType = audio.wav; path = "39154__jobro__piano-ff-007.wav"; sourceTree = "<group>"; };
		C2A7DAC91B749C1000B7AE69 /* 39155__jobro__piano-ff-008.wav */ = {isa = PBXFileReference; lastKnownFileType = audio.wav; path = "39155__jobro__piano-ff-008.wav"; sourceTree = "<group>"; };
		C2A7DACA1B749C1000B7AE69 /* 39156__jobro__piano-ff-009.wav */ = {isa = PBXFileReference; lastKnownFileType = audio.wav; path = "39156__jobro__piano-ff-009.wav"; sourceTree = "<group>"; };
		C2A7DACB1B749C1000B7AE69 /* 39157__jobro__piano-ff-010.wav */ = {isa = PBXFileReference; lastKnownFileType = audio.wav; path = "39157__jobro__piano-ff-010.wav"; sourceTree = "<group>"; };
		C2A7DACC1B749C1000B7AE69 /* 39158__jobro__piano-ff-011.wav */ = {isa = PBXFileReference; lastKnownFileType = audio.wav; path = "39158__jobro__piano-ff-011.wav"; sourceTree = "<group>"; };
		C2A7DACD1B749C1000B7AE69 /* 39159__jobro__piano-ff-012.wav */ = {isa = PBXFileReference; lastKnownFileType = audio.wav; path = "39159__jobro__piano-ff-012.wav"; sourceTree = "<group>"; };
		C2A7DACE1B749C1000B7AE69 /* 39160__jobro__piano-ff-013.wav */ = {isa = PBXFileReference; lastKnownFileType = audio.wav; path = "39160__jobro__piano-ff-013.wav"; sourceTree = "<group>"; };
		C2A7DACF1B749C1000B7AE69 /* 39161__jobro__piano-ff-014.wav */ = {isa = PBXFileReference; lastKnownFileType = audio.wav; path = "39161__jobro__piano-ff-014.wav"; sourceTree = "<group>"; };
		C2A7DAD01B749C1000B7AE69 /* 39162__jobro__piano-ff-015.wav */ = {isa = PBXFileReference; lastKnownFileType = audio.wav; path = "39162__jobro__piano-ff-015.wav"; sourceTree = "<group>"; };
		C2A7DAD11B749C1000B7AE69 /* 39163__jobro__piano-ff-016.wav */ = {isa = PBXFileReference; lastKnownFileType = audio.wav; path = "39163__jobro__piano-ff-016.wav"; sourceTree = "<group>"; };
		C2A7DAD21B749C1000B7AE69 /* 39164__jobro__piano-ff-017.wav */ = {isa = PBXFileReference; lastKnownFileType = audio.wav; path = "39164__jobro__piano-ff-017.wav"; sourceTree = "<group>"; };
		C2A7DAD31B749C1000B7AE69 /* 39165__jobro__piano-ff-018.wav */ = {isa = PBXFileReference; lastKnownFileType = audio.wav; path = "39165__jobro__piano-ff-018.wav"; sourceTree = "<group>"; };
		C2A7DAD41B749C1000B7AE69 /* 39166__jobro__piano-ff-019.wav */ = {isa = PBXFileReference; lastKnownFileType = audio.wav; path = "39166__jobro__piano-ff-019.wav"; sourceTree = "<group>"; };
		C2A7DAD51B749C1000B7AE69 /* 39167__jobro__piano-ff-020.wav */ = {isa = PBXFileReference; lastKnownFileType = audio.wav; path = "39167__jobro__piano-ff-020.wav"; sourceTree = "<group>"; };
		C2A7DAD61B749C1000B7AE69 /* 39168__jobro__piano-ff-021.wav */ = {isa = PBXFileReference; lastKnownFileType = audio.wav; path = "39168__jobro__piano-ff-021.wav"; sourceTree = "<group>"; };
		C2A7DAD71B749C1000B7AE69 /* 39169__jobro__piano-ff-022.wav */ = {isa = PBXFileReference; lastKnownFileType = audio.wav; path = "39169__jobro__piano-ff-022.wav"; sourceTree = "<group>"; };
		C2A7DAD81B749C1000B7AE69 /* 39170__jobro__piano-ff-023.wav */ = {isa = PBXFileReference; lastKnownFileType = audio.wav; path = "39170__jobro__piano-ff-023.wav"; sourceTree = "<group>"; };
		C2A7DAD91B749C1000B7AE69 /* 39171__jobro__piano-ff-024.wav */ = {isa = PBXFileReference; lastKnownFileType = audio.wav; path = "39171__jobro__piano-ff-024.wav"; sourceTree = "<group>"; };
		C2A7DADA1B749C1000B7AE69 /* 39172__jobro__piano-ff-025.wav */ = {isa = PBXFileReference; lastKnownFileType = audio.wav; path = "39172__jobro__piano-ff-025.wav"; sourceTree = "<group>"; };
		C2A7DADB1B749C1000B7AE69 /* 39173__jobro__piano-ff-026.wav */ = {isa = PBXFileReference; lastKnownFileType = audio.wav; path = "39173__jobro__piano-ff-026.wav"; sourceTree = "<group>"; };
		C2A7DADC1B749C1000B7AE69 /* 39174__jobro__piano-ff-027.wav */ = {isa = PBXFileReference; lastKnownFileType = audio.wav; path = "39174__jobro__piano-ff-027.wav"; sourceTree = "<group>"; };
		C2A7DADD1B749C1000B7AE69 /* 39175__jobro__piano-ff-028.wav */ = {isa = PBXFileReference; lastKnownFileType = audio.wav; path = "39175__jobro__piano-ff-028.wav"; sourceTree = "<group>"; };
		C2A7DADE1B749C1000B7AE69 /* 39176__jobro__piano-ff-029.wav */ = {isa = PBXFileReference; lastKnownFileType = audio.wav; path = "39176__jobro__piano-ff-029.wav"; sourceTree = "<group>"; };
		C2A7DADF1B749C1000B7AE69 /* 39177__jobro__piano-ff-030.wav */ = {isa = PBXFileReference; lastKnownFileType = audio.wav; path = "39177__jobro__piano-ff-030.wav"; sourceTree = "<group>"; };
		C2A7DAE01B749C1000B7AE69 /* 39178__jobro__piano-ff-031.wav */ = {isa = PBXFileReference; lastKnownFileType = audio.wav; path = "39178__jobro__piano-ff-031.wav"; sourceTree = "<group>"; };
		C2A7DAE11B749C1000B7AE69 /* 39179__jobro__piano-ff-032.wav */ = {isa = PBXFileReference; lastKnownFileType = audio.wav; path = "39179__jobro__piano-ff-032.wav"; sourceTree = "<group>"; };
		C2A7DAE21B749C1000B7AE69 /* 39180__jobro__piano-ff-033.wav */ = {isa = PBXFileReference; lastKnownFileType = audio.wav; path = "39180__jobro__piano-ff-033.wav"; sourceTree = "<group>"; };
		C2A7DAE31B749C1000B7AE69 /* 39181__jobro__piano-ff-034.wav */ = {isa = PBXFileReference; lastKnownFileType = audio.wav; path = "39181__jobro__piano-ff-034.wav"; sourceTree = "<group>"; };
		C2A7DAE41B749C1000B7AE69 /* 39182__jobro__piano-ff-035.wav */ = {isa = PBXFileReference; lastKnownFileType = audio.wav; path = "39182__jobro__piano-ff-035.wav"; sourceTree = "<group>"; };
		C2A7DAE51B749C1000B7AE69 /* 39183__jobro__piano-ff-036.wav */ = {isa = PBXFileReference; lastKnownFileType = audio.wav; path = "39183__jobro__piano-ff-036.wav"; sourceTree = "<group>"; };
		C2A7DAE61B749C1000B7AE69 /* 39184__jobro__piano-ff-037.wav */ = {isa = PBXFileReference; lastKnownFileType = audio.wav; path = "39184__jobro__piano-ff-037.wav"; sourceTree = "<group>"; };
		C2A7DAE71B749C1000B7AE69 /* 39185__jobro__piano-ff-038.wav */ = {isa = PBXFileReference; lastKnownFileType = audio.wav; path = "39185__jobro__piano-ff-038.wav"; sourceTree = "<group>"; };
		C2A7DAE81B749C1000B7AE69 /* 39186__jobro__piano-ff-039.wav */ = {isa = PBXFileReference; lastKnownFileType = audio.wav; path = "39186__jobro__piano-ff-039.wav"; sourceTree = "<group>"; };
		C2A7DAE91B749C1000B7AE69 /* 39187__jobro__piano-ff-040.wav */ = {isa = PBXFileReference; lastKnownFileType = audio.wav; path = "39187__jobro__piano-ff-040.wav"; sourceTree = "<group>"; };
		C2A7DAEA1B749C1000B7AE69 /* 39188__jobro__piano-ff-041.wav */ = {isa = PBXFileReference; lastKnownFileType = audio.wav; path = "39188__jobro__piano-ff-041.wav"; sourceTree = "<group>"; };
		C2A7DAEB1B749C1000B7AE69 /* 39189__jobro__piano-ff-042.wav */ = {isa = PBXFileReference; lastKnownFileType = audio.wav; path = "39189__jobro__piano-ff-042.wav"; sourceTree = "<group>"; };
		C2A7DAEC1B749C1000B7AE69 /* 39190__jobro__piano-ff-043.wav */ = {isa = PBXFileReference; lastKnownFileType = audio.wav; path = "39190__jobro__piano-ff-043.wav"; sourceTree = "<group>"; };
		C2A7DAED1B749C1000B7AE69 /* 39191__jobro__piano-ff-044.wav */ = {isa = PBXFileReference; lastKnownFileType = audio.wav; path = "39191__jobro__piano-ff-044.wav"; sourceTree = "<group>"; };
		C2A7DAEE1B749C1000B7AE69 /* 39193__jobro__piano-ff-045.wav */ = {isa = PBXFileReference; lastKnownFileType = audio.wav; path = "39193__jobro__piano-ff-045.wav"; sourceTree = "<group>"; };
		C2A7DAEF1B749C1000B7AE69 /* 39194__jobro__piano-ff-046.wav */ = {isa = PBXFileReference; lastKnownFileType = audio.wav; path = "39194__jobro__piano-ff-046.wav"; sourceTree = "<group>"; };
		C2A7DAF01B749C1000B7AE69 /* 39195__jobro__piano-ff-047.wav */ = {isa = PBXFileReference; lastKnownFileType = audio.wav; path = "39195__jobro__piano-ff-047.wav"; sourceTree = "<group>"; };
		C2A7DAF11B749C1000B7AE69 /* 39196__jobro__piano-ff-048.wav */ = {isa = PBXFileReference; lastKnownFileType = audio.wav; path = "39196__jobro__piano-ff-048.wav"; sourceTree = "<group>"; };
		C2A7DAF21B749C1000B7AE69 /* 39197__jobro__piano-ff-049.wav */ = {isa = PBXFileReference; lastKnownFileType = audio.wav; path = "39197__jobro__piano-ff-049.wav"; sourceTree = "<group>"; };
		C2A7DAF31B749C1000B7AE69 /* 39198__jobro__piano-ff-050.wav */ = {isa = PBXFileReference; lastKnownFileType = audio.wav; path = "39198__jobro__piano-ff-050.wav"; sourceTree = "<group>"; };
		C2A7DAF41B749C1000B7AE69 /* 39199__jobro__piano-ff-051.wav */ = {isa = PBXFileReference; lastKnownFileType = audio.wav; path = "39199__jobro__piano-ff-051.wav"; sourceTree = "<group>"; };
		C2A7DAF51B749C1000B7AE69 /* 39200__jobro__piano-ff-052.wav */ = {isa = PBXFileReference; lastKnownFileType = audio.wav; path = "39200__jobro__piano-ff-052.wav"; sourceTree = "<group>"; };
		C2A7DAF61B749C1000B7AE69 /* 39201__jobro__piano-ff-053.wav */ = {isa = PBXFileReference; lastKnownFileType = audio.wav; path = "39201__jobro__piano-ff-053.wav"; sourceTree = "<group>"; };
		C2A7DAF71B749C1000B7AE69 /* 39202__jobro__piano-ff-054.wav */ = {isa = PBXFileReference; lastKnownFileType = audio.wav; path = "39202__jobro__piano-ff-054.wav"; sourceTree = "<group>"; };
		C2A7DAF81B749C1000B7AE69 /* 39203__jobro__piano-ff-055.wav */ = {isa = PBXFileReference; lastKnownFileType = audio.wav; path = "39203__jobro__piano-ff-055.wav"; sourceTree = "<group>"; };
		C2A7DAF91B749C1000B7AE69 /* 39204__jobro__piano-ff-056.wav */ = {isa = PBXFileReference; lastKnownFileType = audio.wav; path = "39204__jobro__piano-ff-056.wav"; sourceTree = "<group>"; };
		C2A7DAFA1B749C1000B7AE69 /* 39205__jobro__piano-ff-057.wav */ = {isa = PBXFileReference; lastKnownFileType = audio.wav; path = "39205__jobro__piano-ff-057.wav"; sourceTree = "<group>"; };
		C2A7DAFB1B749C1000B7AE69 /* 39206__jobro__piano-ff-058.wav */ = {isa = PBXFileReference; lastKnownFileType = audio.wav; path = "39206__jobro__piano-ff-058.wav"; sourceTree = "<group>"; };
		C2A7DAFC1B749C1000B7AE69 /* 39207__jobro__piano-ff-059.wav */ = {isa = PBXFileReference; lastKnownFileType = audio.wav; path = "39207__jobro__piano-ff-059.wav"; sourceTree = "<group>"; };
		C2A7DAFD1B749C1000B7AE69 /* 39208__jobro__piano-ff-060.wav */ = {isa = PBXFileReference; lastKnownFileType = audio.wav; path = "39208__jobro__piano-ff-060.wav"; sourceTree = "<group>"; };
		C2A7DAFE1B749C1000B7AE69 /* 39209__jobro__piano-ff-061.wav */ = {isa = PBXFileReference; lastKnownFileType = audio.wav; path = "39209__jobro__piano-ff-061.wav"; sourceTree = "<group>"; };
		C2A7DAFF1B749C1000B7AE69 /* 39210__jobro__piano-ff-062.wav */ = {isa = PBXFileReference; lastKnownFileType = audio.wav; path = "39210__jobro__piano-ff-062.wav"; sourceTree = "<group>"; };
		C2A7DB001B749C1000B7AE69 /* 39211__jobro__piano-ff-063.wav */ = {isa = PBXFileReference; lastKnownFileType = audio.wav; path = "39211__jobro__piano-ff-063.wav"; sourceTree = "<group>"; };
		C2A7DB011B749C1000B7AE69 /* 39212__jobro__piano-ff-064.wav */ = {isa = PBXFileReference; lastKnownFileType = audio.wav; path = "39212__jobro__piano-ff-064.wav"; sourceTree = "<group>"; };
		C2F7DCDD1B734D4700B06F40 /* Harmonize Helper.app */ = {isa = PBXFileReference; explicitFileType = wrapper.application; includeInIndex = 0; path = "Harmonize Helper.app"; sourceTree = BUILT_PRODUCTS_DIR; };
		C2F7DCE11B734D4700B06F40 /* Info.plist */ = {isa = PBXFileReference; lastKnownFileType = text.plist.xml; path = Info.plist; sourceTree = "<group>"; };
		C2F7DCE21B734D4700B06F40 /* main.m */ = {isa = PBXFileReference; lastKnownFileType = sourcecode.c.objc; path = main.m; sourceTree = "<group>"; };
		C2F7DCE41B734D4700B06F40 /* AppDelegate.h */ = {isa = PBXFileReference; lastKnownFileType = sourcecode.c.h; path = AppDelegate.h; sourceTree = "<group>"; };
		C2F7DCE51B734D4700B06F40 /* AppDelegate.m */ = {isa = PBXFileReference; lastKnownFileType = sourcecode.c.objc; path = AppDelegate.m; sourceTree = "<group>"; };
		C2F7DCE81B734D4700B06F40 /* Harmonize_Helper.xcdatamodel */ = {isa = PBXFileReference; lastKnownFileType = wrapper.xcdatamodel; path = Harmonize_Helper.xcdatamodel; sourceTree = "<group>"; };
		C2F7DCEA1B734D4700B06F40 /* ViewController.h */ = {isa = PBXFileReference; lastKnownFileType = sourcecode.c.h; path = ViewController.h; sourceTree = "<group>"; };
		C2F7DCEB1B734D4700B06F40 /* ViewController.m */ = {isa = PBXFileReference; lastKnownFileType = sourcecode.c.objc; path = ViewController.m; sourceTree = "<group>"; };
		C2F7DCEE1B734D4700B06F40 /* Base */ = {isa = PBXFileReference; lastKnownFileType = file.storyboard; name = Base; path = Base.lproj/Main.storyboard; sourceTree = "<group>"; };
		C2F7DCF01B734D4700B06F40 /* Images.xcassets */ = {isa = PBXFileReference; lastKnownFileType = folder.assetcatalog; path = Images.xcassets; sourceTree = "<group>"; };
		C2F7DCF31B734D4700B06F40 /* Base */ = {isa = PBXFileReference; lastKnownFileType = file.xib; name = Base; path = Base.lproj/LaunchScreen.xib; sourceTree = "<group>"; };
		C2F7DCF91B734D4700B06F40 /* Harmonize HelperTests.xctest */ = {isa = PBXFileReference; explicitFileType = wrapper.cfbundle; includeInIndex = 0; path = "Harmonize HelperTests.xctest"; sourceTree = BUILT_PRODUCTS_DIR; };
		C2F7DCFE1B734D4700B06F40 /* Info.plist */ = {isa = PBXFileReference; lastKnownFileType = text.plist.xml; path = Info.plist; sourceTree = "<group>"; };
		C2F7DCFF1B734D4700B06F40 /* Harmonize_HelperTests.m */ = {isa = PBXFileReference; lastKnownFileType = sourcecode.c.objc; path = Harmonize_HelperTests.m; sourceTree = "<group>"; };
		C2F7DD111B734F0A00B06F40 /* HHUtils.h */ = {isa = PBXFileReference; fileEncoding = 4; lastKnownFileType = sourcecode.c.h; path = HHUtils.h; sourceTree = "<group>"; };
		C2F7DD121B734F0A00B06F40 /* HHUtils.m */ = {isa = PBXFileReference; fileEncoding = 4; lastKnownFileType = sourcecode.c.objc; path = HHUtils.m; sourceTree = "<group>"; };
		C2F7DD141B734FC400B06F40 /* HHKeyboard.h */ = {isa = PBXFileReference; fileEncoding = 4; lastKnownFileType = sourcecode.c.h; path = HHKeyboard.h; sourceTree = "<group>"; };
		C2F7DD151B734FC400B06F40 /* HHKeyboard.m */ = {isa = PBXFileReference; fileEncoding = 4; lastKnownFileType = sourcecode.c.objc; path = HHKeyboard.m; sourceTree = "<group>"; };
		C2F7DD171B73523400B06F40 /* HHPianoView.h */ = {isa = PBXFileReference; fileEncoding = 4; lastKnownFileType = sourcecode.c.h; path = HHPianoView.h; sourceTree = "<group>"; };
		C2F7DD181B73523400B06F40 /* HHPianoView.m */ = {isa = PBXFileReference; fileEncoding = 4; lastKnownFileType = sourcecode.c.objc; path = HHPianoView.m; sourceTree = "<group>"; };
		ECB944EC2D065F1B7F9B9E1A /* libPods-Harmonize Helper.a */ = {isa = PBXFileReference; explicitFileType = archive.ar; includeInIndex = 0; path = "libPods-Harmonize Helper.a"; sourceTree = BUILT_PRODUCTS_DIR; };
/* End PBXFileReference section */

/* Begin PBXFrameworksBuildPhase section */
		C2F7DCDA1B734D4700B06F40 /* Frameworks */ = {
			isa = PBXFrameworksBuildPhase;
			buildActionMask = 2147483647;
			files = (
				59139AA85608382F819A0063 /* libPods-Harmonize Helper.a in Frameworks */,
			);
			runOnlyForDeploymentPostprocessing = 0;
		};
		C2F7DCF61B734D4700B06F40 /* Frameworks */ = {
			isa = PBXFrameworksBuildPhase;
			buildActionMask = 2147483647;
			files = (
			);
			runOnlyForDeploymentPostprocessing = 0;
		};
/* End PBXFrameworksBuildPhase section */

/* Begin PBXGroup section */
		C2A7DAC11B749C0300B7AE69 /* Sounds */ = {
			isa = PBXGroup;
			children = (
				C2A7DAC21B749C1000B7AE69 /* 39148__jobro__piano-ff-001.wav */,
				C2A7DAC31B749C1000B7AE69 /* 39149__jobro__piano-ff-002.wav */,
				C2A7DAC41B749C1000B7AE69 /* 39150__jobro__piano-ff-003.wav */,
				C2A7DAC51B749C1000B7AE69 /* 39151__jobro__piano-ff-004.wav */,
				C2A7DAC61B749C1000B7AE69 /* 39152__jobro__piano-ff-005.wav */,
				C2A7DAC71B749C1000B7AE69 /* 39153__jobro__piano-ff-006.wav */,
				C2A7DAC81B749C1000B7AE69 /* 39154__jobro__piano-ff-007.wav */,
				C2A7DAC91B749C1000B7AE69 /* 39155__jobro__piano-ff-008.wav */,
				C2A7DACA1B749C1000B7AE69 /* 39156__jobro__piano-ff-009.wav */,
				C2A7DACB1B749C1000B7AE69 /* 39157__jobro__piano-ff-010.wav */,
				C2A7DACC1B749C1000B7AE69 /* 39158__jobro__piano-ff-011.wav */,
				C2A7DACD1B749C1000B7AE69 /* 39159__jobro__piano-ff-012.wav */,
				C2A7DACE1B749C1000B7AE69 /* 39160__jobro__piano-ff-013.wav */,
				C2A7DACF1B749C1000B7AE69 /* 39161__jobro__piano-ff-014.wav */,
				C2A7DAD01B749C1000B7AE69 /* 39162__jobro__piano-ff-015.wav */,
				C2A7DAD11B749C1000B7AE69 /* 39163__jobro__piano-ff-016.wav */,
				C2A7DAD21B749C1000B7AE69 /* 39164__jobro__piano-ff-017.wav */,
				C2A7DAD31B749C1000B7AE69 /* 39165__jobro__piano-ff-018.wav */,
				C2A7DAD41B749C1000B7AE69 /* 39166__jobro__piano-ff-019.wav */,
				C2A7DAD51B749C1000B7AE69 /* 39167__jobro__piano-ff-020.wav */,
				C2A7DAD61B749C1000B7AE69 /* 39168__jobro__piano-ff-021.wav */,
				C2A7DAD71B749C1000B7AE69 /* 39169__jobro__piano-ff-022.wav */,
				C2A7DAD81B749C1000B7AE69 /* 39170__jobro__piano-ff-023.wav */,
				C2A7DAD91B749C1000B7AE69 /* 39171__jobro__piano-ff-024.wav */,
				C2A7DADA1B749C1000B7AE69 /* 39172__jobro__piano-ff-025.wav */,
				C2A7DADB1B749C1000B7AE69 /* 39173__jobro__piano-ff-026.wav */,
				C2A7DADC1B749C1000B7AE69 /* 39174__jobro__piano-ff-027.wav */,
				C2A7DADD1B749C1000B7AE69 /* 39175__jobro__piano-ff-028.wav */,
				C2A7DADE1B749C1000B7AE69 /* 39176__jobro__piano-ff-029.wav */,
				C2A7DADF1B749C1000B7AE69 /* 39177__jobro__piano-ff-030.wav */,
				C2A7DAE01B749C1000B7AE69 /* 39178__jobro__piano-ff-031.wav */,
				C2A7DAE11B749C1000B7AE69 /* 39179__jobro__piano-ff-032.wav */,
				C2A7DAE21B749C1000B7AE69 /* 39180__jobro__piano-ff-033.wav */,
				C2A7DAE31B749C1000B7AE69 /* 39181__jobro__piano-ff-034.wav */,
				C2A7DAE41B749C1000B7AE69 /* 39182__jobro__piano-ff-035.wav */,
				C2A7DAE51B749C1000B7AE69 /* 39183__jobro__piano-ff-036.wav */,
				C2A7DAE61B749C1000B7AE69 /* 39184__jobro__piano-ff-037.wav */,
				C2A7DAE71B749C1000B7AE69 /* 39185__jobro__piano-ff-038.wav */,
				C2A7DAE81B749C1000B7AE69 /* 39186__jobro__piano-ff-039.wav */,
				C2A7DAE91B749C1000B7AE69 /* 39187__jobro__piano-ff-040.wav */,
				C2A7DAEA1B749C1000B7AE69 /* 39188__jobro__piano-ff-041.wav */,
				C2A7DAEB1B749C1000B7AE69 /* 39189__jobro__piano-ff-042.wav */,
				C2A7DAEC1B749C1000B7AE69 /* 39190__jobro__piano-ff-043.wav */,
				C2A7DAED1B749C1000B7AE69 /* 39191__jobro__piano-ff-044.wav */,
				C2A7DAEE1B749C1000B7AE69 /* 39193__jobro__piano-ff-045.wav */,
				C2A7DAEF1B749C1000B7AE69 /* 39194__jobro__piano-ff-046.wav */,
				C2A7DAF01B749C1000B7AE69 /* 39195__jobro__piano-ff-047.wav */,
				C2A7DAF11B749C1000B7AE69 /* 39196__jobro__piano-ff-048.wav */,
				C2A7DAF21B749C1000B7AE69 /* 39197__jobro__piano-ff-049.wav */,
				C2A7DAF31B749C1000B7AE69 /* 39198__jobro__piano-ff-050.wav */,
				C2A7DAF41B749C1000B7AE69 /* 39199__jobro__piano-ff-051.wav */,
				C2A7DAF51B749C1000B7AE69 /* 39200__jobro__piano-ff-052.wav */,
				C2A7DAF61B749C1000B7AE69 /* 39201__jobro__piano-ff-053.wav */,
				C2A7DAF71B749C1000B7AE69 /* 39202__jobro__piano-ff-054.wav */,
				C2A7DAF81B749C1000B7AE69 /* 39203__jobro__piano-ff-055.wav */,
				C2A7DAF91B749C1000B7AE69 /* 39204__jobro__piano-ff-056.wav */,
				C2A7DAFA1B749C1000B7AE69 /* 39205__jobro__piano-ff-057.wav */,
				C2A7DAFB1B749C1000B7AE69 /* 39206__jobro__piano-ff-058.wav */,
				C2A7DAFC1B749C1000B7AE69 /* 39207__jobro__piano-ff-059.wav */,
				C2A7DAFD1B749C1000B7AE69 /* 39208__jobro__piano-ff-060.wav */,
				C2A7DAFE1B749C1000B7AE69 /* 39209__jobro__piano-ff-061.wav */,
				C2A7DAFF1B749C1000B7AE69 /* 39210__jobro__piano-ff-062.wav */,
				C2A7DB001B749C1000B7AE69 /* 39211__jobro__piano-ff-063.wav */,
				C2A7DB011B749C1000B7AE69 /* 39212__jobro__piano-ff-064.wav */,
			);
			name = Sounds;
			sourceTree = "<group>";
		};
		C2F7DCD41B734D4700B06F40 = {
			isa = PBXGroup;
			children = (
				C2F7DCDF1B734D4700B06F40 /* Harmonize Helper */,
				C2F7DCFC1B734D4700B06F40 /* Harmonize HelperTests */,
				C2F7DCDE1B734D4700B06F40 /* Products */,
				F7D7AC69A578FCFB34CB4977 /* Pods */,
				F57FAC5D9D01B5A71B353A17 /* Frameworks */,
			);
			sourceTree = "<group>";
		};
		C2F7DCDE1B734D4700B06F40 /* Products */ = {
			isa = PBXGroup;
			children = (
				C2F7DCDD1B734D4700B06F40 /* Harmonize Helper.app */,
				C2F7DCF91B734D4700B06F40 /* Harmonize HelperTests.xctest */,
			);
			name = Products;
			sourceTree = "<group>";
		};
		C2F7DCDF1B734D4700B06F40 /* Harmonize Helper */ = {
			isa = PBXGroup;
			children = (
				C2F7DCED1B734D4700B06F40 /* Main.storyboard */,
				C2F7DCF21B734D4700B06F40 /* LaunchScreen.xib */,
				C2F7DD0A1B734D6500B06F40 /* ViewControllers */,
				C2F7DD0D1B734D9A00B06F40 /* Views */,
				C2F7DD101B734EEB00B06F40 /* Model */,
				C2F7DD0F1B734DA600B06F40 /* Libraries */,
				C2F7DD0E1B734D9F00B06F40 /* Categories */,
				C2F7DD091B734D5B00B06F40 /* Resources */,
				C2F7DCE01B734D4700B06F40 /* Supporting Files */,
			);
			path = "Harmonize Helper";
			sourceTree = "<group>";
		};
		C2F7DCE01B734D4700B06F40 /* Supporting Files */ = {
			isa = PBXGroup;
			children = (
				C2F7DCE71B734D4700B06F40 /* Harmonize_Helper.xcdatamodeld */,
				C2F7DCE41B734D4700B06F40 /* AppDelegate.h */,
				C2F7DCE51B734D4700B06F40 /* AppDelegate.m */,
				C2F7DCE11B734D4700B06F40 /* Info.plist */,
				C2F7DCE21B734D4700B06F40 /* main.m */,
			);
			name = "Supporting Files";
			sourceTree = "<group>";
		};
		C2F7DCFC1B734D4700B06F40 /* Harmonize HelperTests */ = {
			isa = PBXGroup;
			children = (
				C2F7DCFF1B734D4700B06F40 /* Harmonize_HelperTests.m */,
				C2F7DCFD1B734D4700B06F40 /* Supporting Files */,
			);
			path = "Harmonize HelperTests";
			sourceTree = "<group>";
		};
		C2F7DCFD1B734D4700B06F40 /* Supporting Files */ = {
			isa = PBXGroup;
			children = (
				C2F7DCFE1B734D4700B06F40 /* Info.plist */,
			);
			name = "Supporting Files";
			sourceTree = "<group>";
		};
		C2F7DD091B734D5B00B06F40 /* Resources */ = {
			isa = PBXGroup;
			children = (
				C2A7DAC11B749C0300B7AE69 /* Sounds */,
				C2F7DD0C1B734D9000B06F40 /* Fonts */,
				C2F7DD0B1B734D8000B06F40 /* Drawable */,
				C29D1EBD1B7363D8000F5A97 /* HHColors.h */,
				C29D1EBE1B7363D8000F5A97 /* HHColors.m */,
			);
			name = Resources;
			sourceTree = "<group>";
		};
		C2F7DD0A1B734D6500B06F40 /* ViewControllers */ = {
			isa = PBXGroup;
			children = (
				C2F7DCEA1B734D4700B06F40 /* ViewController.h */,
				C2F7DCEB1B734D4700B06F40 /* ViewController.m */,
			);
			name = ViewControllers;
			sourceTree = "<group>";
		};
		C2F7DD0B1B734D8000B06F40 /* Drawable */ = {
			isa = PBXGroup;
			children = (
				C2F7DCF01B734D4700B06F40 /* Images.xcassets */,
			);
			name = Drawable;
			sourceTree = "<group>";
		};
		C2F7DD0C1B734D9000B06F40 /* Fonts */ = {
			isa = PBXGroup;
			children = (
			);
			name = Fonts;
			sourceTree = "<group>";
		};
		C2F7DD0D1B734D9A00B06F40 /* Views */ = {
			isa = PBXGroup;
			children = (
				C2F7DD171B73523400B06F40 /* HHPianoView.h */,
				C2F7DD181B73523400B06F40 /* HHPianoView.m */,
			);
			name = Views;
			sourceTree = "<group>";
		};
		C2F7DD0E1B734D9F00B06F40 /* Categories */ = {
			isa = PBXGroup;
			children = (
			);
			name = Categories;
			sourceTree = "<group>";
		};
		C2F7DD0F1B734DA600B06F40 /* Libraries */ = {
			isa = PBXGroup;
			children = (
			);
			name = Libraries;
			sourceTree = "<group>";
		};
		C2F7DD101B734EEB00B06F40 /* Model */ = {
			isa = PBXGroup;
			children = (
				C2F7DD111B734F0A00B06F40 /* HHUtils.h */,
				C2F7DD121B734F0A00B06F40 /* HHUtils.m */,
				C2F7DD141B734FC400B06F40 /* HHKeyboard.h */,
				C2F7DD151B734FC400B06F40 /* HHKeyboard.m */,
			);
			name = Model;
			sourceTree = "<group>";
		};
		F57FAC5D9D01B5A71B353A17 /* Frameworks */ = {
			isa = PBXGroup;
			children = (
				ECB944EC2D065F1B7F9B9E1A /* libPods-Harmonize Helper.a */,
			);
			name = Frameworks;
			sourceTree = "<group>";
		};
		F7D7AC69A578FCFB34CB4977 /* Pods */ = {
			isa = PBXGroup;
			children = (
				91283821BAA537C94DBAE2E9 /* Pods-Harmonize Helper.debug.xcconfig */,
				1F5154B46D5C469688697FE5 /* Pods-Harmonize Helper.release.xcconfig */,
			);
			name = Pods;
			sourceTree = "<group>";
		};
/* End PBXGroup section */

/* Begin PBXNativeTarget section */
		C2F7DCDC1B734D4700B06F40 /* Harmonize Helper */ = {
			isa = PBXNativeTarget;
			buildConfigurationList = C2F7DD031B734D4700B06F40 /* Build configuration list for PBXNativeTarget "Harmonize Helper" */;
			buildPhases = (
				DC54C256785F3DB3A4E4B4DF /* Check Pods Manifest.lock */,
				C2F7DCD91B734D4700B06F40 /* Sources */,
				C2F7DCDA1B734D4700B06F40 /* Frameworks */,
				C2F7DCDB1B734D4700B06F40 /* Resources */,
				6FBF8A93D91C6622C14BC5D1 /* Copy Pods Resources */,
			);
			buildRules = (
			);
			dependencies = (
			);
			name = "Harmonize Helper";
			productName = "Harmonize Helper";
			productReference = C2F7DCDD1B734D4700B06F40 /* Harmonize Helper.app */;
			productType = "com.apple.product-type.application";
		};
		C2F7DCF81B734D4700B06F40 /* Harmonize HelperTests */ = {
			isa = PBXNativeTarget;
			buildConfigurationList = C2F7DD061B734D4700B06F40 /* Build configuration list for PBXNativeTarget "Harmonize HelperTests" */;
			buildPhases = (
				C2F7DCF51B734D4700B06F40 /* Sources */,
				C2F7DCF61B734D4700B06F40 /* Frameworks */,
				C2F7DCF71B734D4700B06F40 /* Resources */,
			);
			buildRules = (
			);
			dependencies = (
				C2F7DCFB1B734D4700B06F40 /* PBXTargetDependency */,
			);
			name = "Harmonize HelperTests";
			productName = "Harmonize HelperTests";
			productReference = C2F7DCF91B734D4700B06F40 /* Harmonize HelperTests.xctest */;
			productType = "com.apple.product-type.bundle.unit-test";
		};
/* End PBXNativeTarget section */

/* Begin PBXProject section */
		C2F7DCD51B734D4700B06F40 /* Project object */ = {
			isa = PBXProject;
			attributes = {
				LastUpgradeCheck = 0640;
				ORGANIZATIONNAME = "Ольферук Александр";
				TargetAttributes = {
					C2F7DCDC1B734D4700B06F40 = {
						CreatedOnToolsVersion = 6.4;
					};
					C2F7DCF81B734D4700B06F40 = {
						CreatedOnToolsVersion = 6.4;
						TestTargetID = C2F7DCDC1B734D4700B06F40;
					};
				};
			};
			buildConfigurationList = C2F7DCD81B734D4700B06F40 /* Build configuration list for PBXProject "Harmonize Helper" */;
			compatibilityVersion = "Xcode 3.2";
			developmentRegion = English;
			hasScannedForEncodings = 0;
			knownRegions = (
				en,
				Base,
			);
			mainGroup = C2F7DCD41B734D4700B06F40;
			productRefGroup = C2F7DCDE1B734D4700B06F40 /* Products */;
			projectDirPath = "";
			projectRoot = "";
			targets = (
				C2F7DCDC1B734D4700B06F40 /* Harmonize Helper */,
				C2F7DCF81B734D4700B06F40 /* Harmonize HelperTests */,
			);
		};
/* End PBXProject section */

/* Begin PBXResourcesBuildPhase section */
		C2F7DCDB1B734D4700B06F40 /* Resources */ = {
			isa = PBXResourcesBuildPhase;
			buildActionMask = 2147483647;
			files = (
				C2A7DB291B749C1000B7AE69 /* 39187__jobro__piano-ff-040.wav in Resources */,
				C2A7DB2D1B749C1000B7AE69 /* 39191__jobro__piano-ff-044.wav in Resources */,
				C2A7DB1B1B749C1000B7AE69 /* 39173__jobro__piano-ff-026.wav in Resources */,
				C2A7DB371B749C1000B7AE69 /* 39202__jobro__piano-ff-054.wav in Resources */,
				C2A7DB181B749C1000B7AE69 /* 39170__jobro__piano-ff-023.wav in Resources */,
				C2A7DB0A1B749C1000B7AE69 /* 39156__jobro__piano-ff-009.wav in Resources */,
				C2A7DB3A1B749C1000B7AE69 /* 39205__jobro__piano-ff-057.wav in Resources */,
				C2A7DB081B749C1000B7AE69 /* 39154__jobro__piano-ff-007.wav in Resources */,
				C2A7DB401B749C1000B7AE69 /* 39211__jobro__piano-ff-063.wav in Resources */,
				C2A7DB2B1B749C1000B7AE69 /* 39189__jobro__piano-ff-042.wav in Resources */,
				C2A7DB301B749C1000B7AE69 /* 39195__jobro__piano-ff-047.wav in Resources */,
				C2A7DB271B749C1000B7AE69 /* 39185__jobro__piano-ff-038.wav in Resources */,
				C2A7DB3B1B749C1000B7AE69 /* 39206__jobro__piano-ff-058.wav in Resources */,
				C2A7DB411B749C1000B7AE69 /* 39212__jobro__piano-ff-064.wav in Resources */,
				C2A7DB191B749C1000B7AE69 /* 39171__jobro__piano-ff-024.wav in Resources */,
				C2A7DB3F1B749C1000B7AE69 /* 39210__jobro__piano-ff-062.wav in Resources */,
				C2A7DB3E1B749C1000B7AE69 /* 39209__jobro__piano-ff-061.wav in Resources */,
				C2A7DB1A1B749C1000B7AE69 /* 39172__jobro__piano-ff-025.wav in Resources */,
				C2A7DB331B749C1000B7AE69 /* 39198__jobro__piano-ff-050.wav in Resources */,
				C2A7DB311B749C1000B7AE69 /* 39196__jobro__piano-ff-048.wav in Resources */,
				C2A7DB141B749C1000B7AE69 /* 39166__jobro__piano-ff-019.wav in Resources */,
				C2A7DB121B749C1000B7AE69 /* 39164__jobro__piano-ff-017.wav in Resources */,
				C2A7DB111B749C1000B7AE69 /* 39163__jobro__piano-ff-016.wav in Resources */,
				C2A7DB0F1B749C1000B7AE69 /* 39161__jobro__piano-ff-014.wav in Resources */,
				C2A7DB0D1B749C1000B7AE69 /* 39159__jobro__piano-ff-012.wav in Resources */,
				C2A7DB321B749C1000B7AE69 /* 39197__jobro__piano-ff-049.wav in Resources */,
				C2A7DB061B749C1000B7AE69 /* 39152__jobro__piano-ff-005.wav in Resources */,
				C2A7DB171B749C1000B7AE69 /* 39169__jobro__piano-ff-022.wav in Resources */,
				C2A7DB231B749C1000B7AE69 /* 39181__jobro__piano-ff-034.wav in Resources */,
				C2A7DB031B749C1000B7AE69 /* 39149__jobro__piano-ff-002.wav in Resources */,
				C2A7DB2A1B749C1000B7AE69 /* 39188__jobro__piano-ff-041.wav in Resources */,
				C2A7DB2F1B749C1000B7AE69 /* 39194__jobro__piano-ff-046.wav in Resources */,
				C2A7DB221B749C1000B7AE69 /* 39180__jobro__piano-ff-033.wav in Resources */,
				C2A7DB091B749C1000B7AE69 /* 39155__jobro__piano-ff-008.wav in Resources */,
				C2A7DB381B749C1000B7AE69 /* 39203__jobro__piano-ff-055.wav in Resources */,
				C2A7DB0E1B749C1000B7AE69 /* 39160__jobro__piano-ff-013.wav in Resources */,
				C2A7DB2C1B749C1000B7AE69 /* 39190__jobro__piano-ff-043.wav in Resources */,
				C2A7DB1D1B749C1000B7AE69 /* 39175__jobro__piano-ff-028.wav in Resources */,
				C2A7DB101B749C1000B7AE69 /* 39162__jobro__piano-ff-015.wav in Resources */,
				C2A7DB241B749C1000B7AE69 /* 39182__jobro__piano-ff-035.wav in Resources */,
				C2A7DB281B749C1000B7AE69 /* 39186__jobro__piano-ff-039.wav in Resources */,
				C2F7DCEF1B734D4700B06F40 /* Main.storyboard in Resources */,
				C2A7DB1C1B749C1000B7AE69 /* 39174__jobro__piano-ff-027.wav in Resources */,
				C2A7DB1E1B749C1000B7AE69 /* 39176__jobro__piano-ff-029.wav in Resources */,
				C2A7DB151B749C1000B7AE69 /* 39167__jobro__piano-ff-020.wav in Resources */,
				C2A7DB021B749C1000B7AE69 /* 39148__jobro__piano-ff-001.wav in Resources */,
				C2A7DB3C1B749C1000B7AE69 /* 39207__jobro__piano-ff-059.wav in Resources */,
				C2A7DB2E1B749C1000B7AE69 /* 39193__jobro__piano-ff-045.wav in Resources */,
				C2A7DB051B749C1000B7AE69 /* 39151__jobro__piano-ff-004.wav in Resources */,
				C2A7DB211B749C1000B7AE69 /* 39179__jobro__piano-ff-032.wav in Resources */,
				C2A7DB3D1B749C1000B7AE69 /* 39208__jobro__piano-ff-060.wav in Resources */,
				C2F7DCF41B734D4700B06F40 /* LaunchScreen.xib in Resources */,
				C2A7DB351B749C1000B7AE69 /* 39200__jobro__piano-ff-052.wav in Resources */,
				C2A7DB0C1B749C1000B7AE69 /* 39158__jobro__piano-ff-011.wav in Resources */,
				C2A7DB071B749C1000B7AE69 /* 39153__jobro__piano-ff-006.wav in Resources */,
				C2A7DB251B749C1000B7AE69 /* 39183__jobro__piano-ff-036.wav in Resources */,
				C2A7DB0B1B749C1000B7AE69 /* 39157__jobro__piano-ff-010.wav in Resources */,
				C2A7DB041B749C1000B7AE69 /* 39150__jobro__piano-ff-003.wav in Resources */,
				C2A7DB391B749C1000B7AE69 /* 39204__jobro__piano-ff-056.wav in Resources */,
				C2A7DB261B749C1000B7AE69 /* 39184__jobro__piano-ff-037.wav in Resources */,
				C2A7DB201B749C1000B7AE69 /* 39178__jobro__piano-ff-031.wav in Resources */,
				C2A7DB1F1B749C1000B7AE69 /* 39177__jobro__piano-ff-030.wav in Resources */,
				C2A7DB161B749C1000B7AE69 /* 39168__jobro__piano-ff-021.wav in Resources */,
				C2A7DB131B749C1000B7AE69 /* 39165__jobro__piano-ff-018.wav in Resources */,
				C2A7DB341B749C1000B7AE69 /* 39199__jobro__piano-ff-051.wav in Resources */,
				C2A7DB361B749C1000B7AE69 /* 39201__jobro__piano-ff-053.wav in Resources */,
				C2F7DCF11B734D4700B06F40 /* Images.xcassets in Resources */,
			);
			runOnlyForDeploymentPostprocessing = 0;
		};
		C2F7DCF71B734D4700B06F40 /* Resources */ = {
			isa = PBXResourcesBuildPhase;
			buildActionMask = 2147483647;
			files = (
			);
			runOnlyForDeploymentPostprocessing = 0;
		};
/* End PBXResourcesBuildPhase section */

/* Begin PBXShellScriptBuildPhase section */
		6FBF8A93D91C6622C14BC5D1 /* Copy Pods Resources */ = {
			isa = PBXShellScriptBuildPhase;
			buildActionMask = 2147483647;
			files = (
			);
			inputPaths = (
			);
			name = "Copy Pods Resources";
			outputPaths = (
			);
			runOnlyForDeploymentPostprocessing = 0;
			shellPath = /bin/sh;
			shellScript = "\"${SRCROOT}/Pods/Target Support Files/Pods-Harmonize Helper/Pods-Harmonize Helper-resources.sh\"\n";
			showEnvVarsInLog = 0;
		};
		DC54C256785F3DB3A4E4B4DF /* Check Pods Manifest.lock */ = {
			isa = PBXShellScriptBuildPhase;
			buildActionMask = 2147483647;
			files = (
			);
			inputPaths = (
			);
			name = "Check Pods Manifest.lock";
			outputPaths = (
			);
			runOnlyForDeploymentPostprocessing = 0;
			shellPath = /bin/sh;
			shellScript = "diff \"${PODS_ROOT}/../Podfile.lock\" \"${PODS_ROOT}/Manifest.lock\" > /dev/null\nif [[ $? != 0 ]] ; then\n    cat << EOM\nerror: The sandbox is not in sync with the Podfile.lock. Run 'pod install' or update your CocoaPods installation.\nEOM\n    exit 1\nfi\n";
			showEnvVarsInLog = 0;
		};
/* End PBXShellScriptBuildPhase section */

/* Begin PBXSourcesBuildPhase section */
		C2F7DCD91B734D4700B06F40 /* Sources */ = {
			isa = PBXSourcesBuildPhase;
			buildActionMask = 2147483647;
			files = (
				C2F7DD131B734F0A00B06F40 /* HHUtils.m in Sources */,
				C2F7DD191B73523400B06F40 /* HHPianoView.m in Sources */,
				C2F7DCE91B734D4700B06F40 /* Harmonize_Helper.xcdatamodeld in Sources */,
				C2F7DCE61B734D4700B06F40 /* AppDelegate.m in Sources */,
				C2F7DCEC1B734D4700B06F40 /* ViewController.m in Sources */,
				C2F7DD161B734FC400B06F40 /* HHKeyboard.m in Sources */,
				C2F7DCE31B734D4700B06F40 /* main.m in Sources */,
				C29D1EBF1B7363D8000F5A97 /* HHColors.m in Sources */,
			);
			runOnlyForDeploymentPostprocessing = 0;
		};
		C2F7DCF51B734D4700B06F40 /* Sources */ = {
			isa = PBXSourcesBuildPhase;
			buildActionMask = 2147483647;
			files = (
				C2F7DD001B734D4700B06F40 /* Harmonize_HelperTests.m in Sources */,
			);
			runOnlyForDeploymentPostprocessing = 0;
		};
/* End PBXSourcesBuildPhase section */

/* Begin PBXTargetDependency section */
		C2F7DCFB1B734D4700B06F40 /* PBXTargetDependency */ = {
			isa = PBXTargetDependency;
			target = C2F7DCDC1B734D4700B06F40 /* Harmonize Helper */;
			targetProxy = C2F7DCFA1B734D4700B06F40 /* PBXContainerItemProxy */;
		};
/* End PBXTargetDependency section */

/* Begin PBXVariantGroup section */
		C2F7DCED1B734D4700B06F40 /* Main.storyboard */ = {
			isa = PBXVariantGroup;
			children = (
				C2F7DCEE1B734D4700B06F40 /* Base */,
			);
			name = Main.storyboard;
			sourceTree = "<group>";
		};
		C2F7DCF21B734D4700B06F40 /* LaunchScreen.xib */ = {
			isa = PBXVariantGroup;
			children = (
				C2F7DCF31B734D4700B06F40 /* Base */,
			);
			name = LaunchScreen.xib;
			sourceTree = "<group>";
		};
/* End PBXVariantGroup section */

/* Begin XCBuildConfiguration section */
		C2F7DD011B734D4700B06F40 /* Debug */ = {
			isa = XCBuildConfiguration;
			buildSettings = {
				ALWAYS_SEARCH_USER_PATHS = NO;
				CLANG_CXX_LANGUAGE_STANDARD = "gnu++0x";
				CLANG_CXX_LIBRARY = "libc++";
				CLANG_ENABLE_MODULES = YES;
				CLANG_ENABLE_OBJC_ARC = YES;
				CLANG_WARN_BOOL_CONVERSION = YES;
				CLANG_WARN_CONSTANT_CONVERSION = YES;
				CLANG_WARN_DIRECT_OBJC_ISA_USAGE = YES_ERROR;
				CLANG_WARN_EMPTY_BODY = YES;
				CLANG_WARN_ENUM_CONVERSION = YES;
				CLANG_WARN_INT_CONVERSION = YES;
				CLANG_WARN_OBJC_ROOT_CLASS = YES_ERROR;
				CLANG_WARN_UNREACHABLE_CODE = YES;
				CLANG_WARN__DUPLICATE_METHOD_MATCH = YES;
				"CODE_SIGN_IDENTITY[sdk=iphoneos*]" = "iPhone Developer";
				COPY_PHASE_STRIP = NO;
				DEBUG_INFORMATION_FORMAT = "dwarf-with-dsym";
				ENABLE_STRICT_OBJC_MSGSEND = YES;
				GCC_C_LANGUAGE_STANDARD = gnu99;
				GCC_DYNAMIC_NO_PIC = NO;
				GCC_NO_COMMON_BLOCKS = YES;
				GCC_OPTIMIZATION_LEVEL = 0;
				GCC_PREPROCESSOR_DEFINITIONS = (
					"DEBUG=1",
					"$(inherited)",
				);
				GCC_SYMBOLS_PRIVATE_EXTERN = NO;
				GCC_WARN_64_TO_32_BIT_CONVERSION = YES;
				GCC_WARN_ABOUT_RETURN_TYPE = YES_ERROR;
				GCC_WARN_UNDECLARED_SELECTOR = YES;
				GCC_WARN_UNINITIALIZED_AUTOS = YES_AGGRESSIVE;
				GCC_WARN_UNUSED_FUNCTION = YES;
				GCC_WARN_UNUSED_VARIABLE = YES;
				IPHONEOS_DEPLOYMENT_TARGET = 8.4;
				MTL_ENABLE_DEBUG_INFO = YES;
				ONLY_ACTIVE_ARCH = YES;
				SDKROOT = iphoneos;
				TARGETED_DEVICE_FAMILY = "1,2";
			};
			name = Debug;
		};
		C2F7DD021B734D4700B06F40 /* Release */ = {
			isa = XCBuildConfiguration;
			buildSettings = {
				ALWAYS_SEARCH_USER_PATHS = NO;
				CLANG_CXX_LANGUAGE_STANDARD = "gnu++0x";
				CLANG_CXX_LIBRARY = "libc++";
				CLANG_ENABLE_MODULES = YES;
				CLANG_ENABLE_OBJC_ARC = YES;
				CLANG_WARN_BOOL_CONVERSION = YES;
				CLANG_WARN_CONSTANT_CONVERSION = YES;
				CLANG_WARN_DIRECT_OBJC_ISA_USAGE = YES_ERROR;
				CLANG_WARN_EMPTY_BODY = YES;
				CLANG_WARN_ENUM_CONVERSION = YES;
				CLANG_WARN_INT_CONVERSION = YES;
				CLANG_WARN_OBJC_ROOT_CLASS = YES_ERROR;
				CLANG_WARN_UNREACHABLE_CODE = YES;
				CLANG_WARN__DUPLICATE_METHOD_MATCH = YES;
				"CODE_SIGN_IDENTITY[sdk=iphoneos*]" = "iPhone Developer";
				COPY_PHASE_STRIP = NO;
				DEBUG_INFORMATION_FORMAT = "dwarf-with-dsym";
				ENABLE_NS_ASSERTIONS = NO;
				ENABLE_STRICT_OBJC_MSGSEND = YES;
				GCC_C_LANGUAGE_STANDARD = gnu99;
				GCC_NO_COMMON_BLOCKS = YES;
				GCC_WARN_64_TO_32_BIT_CONVERSION = YES;
				GCC_WARN_ABOUT_RETURN_TYPE = YES_ERROR;
				GCC_WARN_UNDECLARED_SELECTOR = YES;
				GCC_WARN_UNINITIALIZED_AUTOS = YES_AGGRESSIVE;
				GCC_WARN_UNUSED_FUNCTION = YES;
				GCC_WARN_UNUSED_VARIABLE = YES;
				IPHONEOS_DEPLOYMENT_TARGET = 8.4;
				MTL_ENABLE_DEBUG_INFO = NO;
				SDKROOT = iphoneos;
				TARGETED_DEVICE_FAMILY = "1,2";
				VALIDATE_PRODUCT = YES;
			};
			name = Release;
		};
		C2F7DD041B734D4700B06F40 /* Debug */ = {
			isa = XCBuildConfiguration;
			baseConfigurationReference = 91283821BAA537C94DBAE2E9 /* Pods-Harmonize Helper.debug.xcconfig */;
			buildSettings = {
				ASSETCATALOG_COMPILER_APPICON_NAME = AppIcon;
				INFOPLIST_FILE = "Harmonize Helper/Info.plist";
				IPHONEOS_DEPLOYMENT_TARGET = 7.1;
				LD_RUNPATH_SEARCH_PATHS = "$(inherited) @executable_path/Frameworks";
				PRODUCT_NAME = "$(TARGET_NAME)";
			};
			name = Debug;
		};
		C2F7DD051B734D4700B06F40 /* Release */ = {
			isa = XCBuildConfiguration;
			baseConfigurationReference = 1F5154B46D5C469688697FE5 /* Pods-Harmonize Helper.release.xcconfig */;
			buildSettings = {
				ASSETCATALOG_COMPILER_APPICON_NAME = AppIcon;
				INFOPLIST_FILE = "Harmonize Helper/Info.plist";
				IPHONEOS_DEPLOYMENT_TARGET = 7.1;
				LD_RUNPATH_SEARCH_PATHS = "$(inherited) @executable_path/Frameworks";
				PRODUCT_NAME = "$(TARGET_NAME)";
			};
			name = Release;
		};
		C2F7DD071B734D4700B06F40 /* Debug */ = {
			isa = XCBuildConfiguration;
			buildSettings = {
				BUNDLE_LOADER = "$(TEST_HOST)";
				FRAMEWORK_SEARCH_PATHS = (
					"$(SDKROOT)/Developer/Library/Frameworks",
					"$(inherited)",
				);
				GCC_PREPROCESSOR_DEFINITIONS = (
					"DEBUG=1",
					"$(inherited)",
				);
				INFOPLIST_FILE = "Harmonize HelperTests/Info.plist";
				LD_RUNPATH_SEARCH_PATHS = "$(inherited) @executable_path/Frameworks @loader_path/Frameworks";
				PRODUCT_NAME = "$(TARGET_NAME)";
				TEST_HOST = "$(BUILT_PRODUCTS_DIR)/Harmonize Helper.app/Harmonize Helper";
			};
			name = Debug;
		};
		C2F7DD081B734D4700B06F40 /* Release */ = {
			isa = XCBuildConfiguration;
			buildSettings = {
				BUNDLE_LOADER = "$(TEST_HOST)";
				FRAMEWORK_SEARCH_PATHS = (
					"$(SDKROOT)/Developer/Library/Frameworks",
					"$(inherited)",
				);
				INFOPLIST_FILE = "Harmonize HelperTests/Info.plist";
				LD_RUNPATH_SEARCH_PATHS = "$(inherited) @executable_path/Frameworks @loader_path/Frameworks";
				PRODUCT_NAME = "$(TARGET_NAME)";
				TEST_HOST = "$(BUILT_PRODUCTS_DIR)/Harmonize Helper.app/Harmonize Helper";
			};
			name = Release;
		};
/* End XCBuildConfiguration section */

/* Begin XCConfigurationList section */
		C2F7DCD81B734D4700B06F40 /* Build configuration list for PBXProject "Harmonize Helper" */ = {
			isa = XCConfigurationList;
			buildConfigurations = (
				C2F7DD011B734D4700B06F40 /* Debug */,
				C2F7DD021B734D4700B06F40 /* Release */,
			);
			defaultConfigurationIsVisible = 0;
			defaultConfigurationName = Release;
		};
		C2F7DD031B734D4700B06F40 /* Build configuration list for PBXNativeTarget "Harmonize Helper" */ = {
			isa = XCConfigurationList;
			buildConfigurations = (
				C2F7DD041B734D4700B06F40 /* Debug */,
				C2F7DD051B734D4700B06F40 /* Release */,
			);
			defaultConfigurationIsVisible = 0;
			defaultConfigurationName = Release;
		};
		C2F7DD061B734D4700B06F40 /* Build configuration list for PBXNativeTarget "Harmonize HelperTests" */ = {
			isa = XCConfigurationList;
			buildConfigurations = (
				C2F7DD071B734D4700B06F40 /* Debug */,
				C2F7DD081B734D4700B06F40 /* Release */,
			);
			defaultConfigurationIsVisible = 0;
			defaultConfigurationName = Release;
		};
/* End XCConfigurationList section */

/* Begin XCVersionGroup section */
		C2F7DCE71B734D4700B06F40 /* Harmonize_Helper.xcdatamodeld */ = {
			isa = XCVersionGroup;
			children = (
				C2F7DCE81B734D4700B06F40 /* Harmonize_Helper.xcdatamodel */,
			);
			currentVersion = C2F7DCE81B734D4700B06F40 /* Harmonize_Helper.xcdatamodel */;
			path = Harmonize_Helper.xcdatamodeld;
			sourceTree = "<group>";
			versionGroupType = wrapper.xcdatamodel;
		};
/* End XCVersionGroup section */
	};
	rootObject = C2F7DCD51B734D4700B06F40 /* Project object */;
}
